
Microsoft Visual Studio Solution File, Format Version 12.00
# Visual Studio 2012
Project("{FAE04EC0-301F-11D3-BF4B-00C04F79EFBC}") = "ECommerce.Helpers", "ECommerce.Helpers\ECommerce.Helpers.csproj", "{A28BB419-6BE2-4010-9B64-44FABD91A979}"
EndProject
Project("{FAE04EC0-301F-11D3-BF4B-00C04F79EFBC}") = "ECommerce.Infrastructure", "ECommerce.Infrastructure\ECommerce.Infrastructure.csproj", "{A5257DE9-C77D-4CEB-8B6B-79488E4FC37A}"
EndProject
Project("{FAE04EC0-301F-11D3-BF4B-00C04F79EFBC}") = "ECommerce.Api", "ECommerce.Api\ECommerce.Api.csproj", "{381C5094-F327-4BC3-A86C-B48818961276}"
EndProject
Project("{FAE04EC0-301F-11D3-BF4B-00C04F79EFBC}") = "ECommerce.Domain", "ECommerce.Domain\ECommerce.Domain.csproj", "{D69E9540-A52B-4B87-894B-5BD3AD8CE28E}"
EndProject
Global
	GlobalSection(SolutionConfigurationPlatforms) = preSolution
		Debug|Any CPU = Debug|Any CPU
		Release|Any CPU = Release|Any CPU
	EndGlobalSection
	GlobalSection(ProjectConfigurationPlatforms) = postSolution
		{A28BB419-6BE2-4010-9B64-44FABD91A979}.Debug|Any CPU.ActiveCfg = Debug|Any CPU
		{A28BB419-6BE2-4010-9B64-44FABD91A979}.Debug|Any CPU.Build.0 = Debug|Any CPU
		{A28BB419-6BE2-4010-9B64-44FABD91A979}.Release|Any CPU.ActiveCfg = Release|Any CPU
		{A28BB419-6BE2-4010-9B64-44FABD91A979}.Release|Any CPU.Build.0 = Release|Any CPU
		{A5257DE9-C77D-4CEB-8B6B-79488E4FC37A}.Debug|Any CPU.ActiveCfg = Debug|Any CPU
		{A5257DE9-C77D-4CEB-8B6B-79488E4FC37A}.Debug|Any CPU.Build.0 = Debug|Any CPU
		{A5257DE9-C77D-4CEB-8B6B-79488E4FC37A}.Release|Any CPU.ActiveCfg = Release|Any CPU
		{A5257DE9-C77D-4CEB-8B6B-79488E4FC37A}.Release|Any CPU.Build.0 = Release|Any CPU
		{381C5094-F327-4BC3-A86C-B48818961276}.Debug|Any CPU.ActiveCfg = Debug|Any CPU
		{381C5094-F327-4BC3-A86C-B48818961276}.Debug|Any CPU.Build.0 = Debug|Any CPU
		{381C5094-F327-4BC3-A86C-B48818961276}.Release|Any CPU.ActiveCfg = Release|Any CPU
		{381C5094-F327-4BC3-A86C-B48818961276}.Release|Any CPU.Build.0 = Release|Any CPU
		{D69E9540-A52B-4B87-894B-5BD3AD8CE28E}.Debug|Any CPU.ActiveCfg = Debug|Any CPU
		{D69E9540-A52B-4B87-894B-5BD3AD8CE28E}.Debug|Any CPU.Build.0 = Debug|Any CPU
		{D69E9540-A52B-4B87-894B-5BD3AD8CE28E}.Release|Any CPU.ActiveCfg = Release|Any CPU
		{D69E9540-A52B-4B87-894B-5BD3AD8CE28E}.Release|Any CPU.Build.0 = Release|Any CPU
	EndGlobalSection
EndGlobal
