
Microsoft Visual Studio Solution File, Format Version 12.00
# Visual Studio 2012
Project("{FAE04EC0-301F-11D3-BF4B-00C04F79EFBC}") = "ECommerce.Api", "ECommerce.Api\ECommerce.Api.csproj", "{381C5094-F327-4BC3-A86C-B48818961276}"
EndProject
Project("{2150E333-8FDC-42A3-9474-1A3956D46DE8}") = "ECommerce.Api", "ECommerce.Api", "{206E281E-B364-4AB3-BEE6-0ADA995A980A}"
EndProject
Project("{2150E333-8FDC-42A3-9474-1A3956D46DE8}") = "ECommerce.Domain", "ECommerce.Domain", "{FC464A0E-9FBF-42B8-9558-DE9EFA4C7592}"
EndProject
Project("{2150E333-8FDC-42A3-9474-1A3956D46DE8}") = "ECommerce.Helpers", "ECommerce.Helpers", "{30978222-9E8C-4763-92CC-5234D24AE19D}"
EndProject
Project("{2150E333-8FDC-42A3-9474-1A3956D46DE8}") = "ECommerce.Infrastructure", "ECommerce.Infrastructure", "{2745F4EF-E84D-4CD5-9F25-C442FC71FFCC}"
EndProject
Global
	GlobalSection(SolutionConfigurationPlatforms) = preSolution
		Debug|Any CPU = Debug|Any CPU
		Release|Any CPU = Release|Any CPU
	EndGlobalSection
	GlobalSection(ProjectConfigurationPlatforms) = postSolution
		{381C5094-F327-4BC3-A86C-B48818961276}.Debug|Any CPU.ActiveCfg = Debug|Any CPU
		{381C5094-F327-4BC3-A86C-B48818961276}.Debug|Any CPU.Build.0 = Debug|Any CPU
		{381C5094-F327-4BC3-A86C-B48818961276}.Release|Any CPU.ActiveCfg = Release|Any CPU
		{381C5094-F327-4BC3-A86C-B48818961276}.Release|Any CPU.Build.0 = Release|Any CPU
	EndGlobalSection
	GlobalSection(NestedProjects) = preSolution
		{381C5094-F327-4BC3-A86C-B48818961276} = {206E281E-B364-4AB3-BEE6-0ADA995A980A}
	EndGlobalSection
EndGlobal
