
Microsoft Visual Studio Solution File, Format Version 15.00
# Visual Studio 2017
Project("{FAE04EC0-301F-11D3-BF4B-00C04F79EFBC}") = "ECommerce.App", "ECommerce.App.csproj", "{7A0E1BC6-AFEC-480D-8107-BA6AFD0F3B33}"
EndProject
Global
	GlobalSection(SolutionConfigurationPlatforms) = preSolution
		Debug|Any CPU = Debug|Any CPU
		Release|Any CPU = Release|Any CPU
	EndGlobalSection
	GlobalSection(ProjectConfigurationPlatforms) = postSolution
		{7A0E1BC6-AFEC-480D-8107-BA6AFD0F3B33}.Debug|Any CPU.ActiveCfg = Debug|Any CPU
		{7A0E1BC6-AFEC-480D-8107-BA6AFD0F3B33}.Debug|Any CPU.Build.0 = Debug|Any CPU
		{7A0E1BC6-AFEC-480D-8107-BA6AFD0F3B33}.Release|Any CPU.ActiveCfg = Release|Any CPU
		{7A0E1BC6-AFEC-480D-8107-BA6AFD0F3B33}.Release|Any CPU.Build.0 = Release|Any CPU
	EndGlobalSection
EndGlobal
